
Microsoft Visual Studio Solution File, Format Version 12.00
# Visual Studio Version 17
VisualStudioVersion = 17.4.33213.308
MinimumVisualStudioVersion = 10.0.40219.1
Project("{FAE04EC0-301F-11D3-BF4B-00C04F79EFBC}") = "Interface", "Interface\Interface.csproj", "{D8407906-A28B-4A2B-89B4-F728BD610DEE}"
EndProject
Global
	GlobalSection(SolutionConfigurationPlatforms) = preSolution
		Debug|Any CPU = Debug|Any CPU
		Release|Any CPU = Release|Any CPU
	EndGlobalSection
	GlobalSection(ProjectConfigurationPlatforms) = postSolution
		{D8407906-A28B-4A2B-89B4-F728BD610DEE}.Debug|Any CPU.ActiveCfg = Debug|Any CPU
		{D8407906-A28B-4A2B-89B4-F728BD610DEE}.Debug|Any CPU.Build.0 = Debug|Any CPU
		{D8407906-A28B-4A2B-89B4-F728BD610DEE}.Release|Any CPU.ActiveCfg = Release|Any CPU
		{D8407906-A28B-4A2B-89B4-F728BD610DEE}.Release|Any CPU.Build.0 = Release|Any CPU
	EndGlobalSection
	GlobalSection(SolutionProperties) = preSolution
		HideSolutionNode = FALSE
	EndGlobalSection
	GlobalSection(ExtensibilityGlobals) = postSolution
		SolutionGuid = {37274EDF-9C4A-4D9C-B4B6-076B21072590}
	EndGlobalSection
EndGlobal
