
Microsoft Visual Studio Solution File, Format Version 12.00
# Visual Studio Version 17
VisualStudioVersion = 17.4.33213.308
MinimumVisualStudioVersion = 10.0.40219.1
Project("{FAE04EC0-301F-11D3-BF4B-00C04F79EFBC}") = "16-01-23", "16-01-23\16-01-23.csproj", "{D6AD969C-4991-441C-956D-50A346828855}"
EndProject
Global
	GlobalSection(SolutionConfigurationPlatforms) = preSolution
		Debug|Any CPU = Debug|Any CPU
		Release|Any CPU = Release|Any CPU
	EndGlobalSection
	GlobalSection(ProjectConfigurationPlatforms) = postSolution
		{D6AD969C-4991-441C-956D-50A346828855}.Debug|Any CPU.ActiveCfg = Debug|Any CPU
		{D6AD969C-4991-441C-956D-50A346828855}.Debug|Any CPU.Build.0 = Debug|Any CPU
		{D6AD969C-4991-441C-956D-50A346828855}.Release|Any CPU.ActiveCfg = Release|Any CPU
		{D6AD969C-4991-441C-956D-50A346828855}.Release|Any CPU.Build.0 = Release|Any CPU
	EndGlobalSection
	GlobalSection(SolutionProperties) = preSolution
		HideSolutionNode = FALSE
	EndGlobalSection
	GlobalSection(ExtensibilityGlobals) = postSolution
		SolutionGuid = {95C253C4-52B9-48C6-9ED3-83D858775146}
	EndGlobalSection
EndGlobal
